// !$*UTF8*$!
{
	archiveVersion = 1;
	classes = {
	};
	objectVersion = 50;
	objects = {

/* Begin PBXBuildFile section */
		B0E5AB9122A003A2003AE54A /* AppDelegate.swift in Sources */ = {isa = PBXBuildFile; fileRef = B0E5AB9022A003A2003AE54A /* AppDelegate.swift */; };
		B0E5AB9322A003A2003AE54A /* ViewController.swift in Sources */ = {isa = PBXBuildFile; fileRef = B0E5AB9222A003A2003AE54A /* ViewController.swift */; };
		B0E5AB9622A003A2003AE54A /* Main.storyboard in Resources */ = {isa = PBXBuildFile; fileRef = B0E5AB9422A003A2003AE54A /* Main.storyboard */; };
		B0E5AB9822A003A3003AE54A /* Assets.xcassets in Resources */ = {isa = PBXBuildFile; fileRef = B0E5AB9722A003A3003AE54A /* Assets.xcassets */; };
		B0E5AB9B22A003A3003AE54A /* LaunchScreen.storyboard in Resources */ = {isa = PBXBuildFile; fileRef = B0E5AB9922A003A3003AE54A /* LaunchScreen.storyboard */; };
		B0E5ABA322A008D6003AE54A /* MemoriesViewController.swift in Sources */ = {isa = PBXBuildFile; fileRef = B0E5ABA222A008D6003AE54A /* MemoriesViewController.swift */; };
		B0E5ABA522A00DFA003AE54A /* MemoryCell.swift in Sources */ = {isa = PBXBuildFile; fileRef = B0E5ABA422A00DFA003AE54A /* MemoryCell.swift */; };
/* End PBXBuildFile section */

/* Begin PBXFileReference section */
		B0E5AB8D22A003A2003AE54A /* HappyDays.app */ = {isa = PBXFileReference; explicitFileType = wrapper.application; includeInIndex = 0; path = HappyDays.app; sourceTree = BUILT_PRODUCTS_DIR; };
		B0E5AB9022A003A2003AE54A /* AppDelegate.swift */ = {isa = PBXFileReference; lastKnownFileType = sourcecode.swift; path = AppDelegate.swift; sourceTree = "<group>"; };
		B0E5AB9222A003A2003AE54A /* ViewController.swift */ = {isa = PBXFileReference; lastKnownFileType = sourcecode.swift; path = ViewController.swift; sourceTree = "<group>"; };
		B0E5AB9522A003A2003AE54A /* Base */ = {isa = PBXFileReference; lastKnownFileType = file.storyboard; name = Base; path = Base.lproj/Main.storyboard; sourceTree = "<group>"; };
		B0E5AB9722A003A3003AE54A /* Assets.xcassets */ = {isa = PBXFileReference; lastKnownFileType = folder.assetcatalog; path = Assets.xcassets; sourceTree = "<group>"; };
		B0E5AB9A22A003A3003AE54A /* Base */ = {isa = PBXFileReference; lastKnownFileType = file.storyboard; name = Base; path = Base.lproj/LaunchScreen.storyboard; sourceTree = "<group>"; };
		B0E5AB9C22A003A3003AE54A /* Info.plist */ = {isa = PBXFileReference; lastKnownFileType = text.plist.xml; path = Info.plist; sourceTree = "<group>"; };
		B0E5ABA222A008D6003AE54A /* MemoriesViewController.swift */ = {isa = PBXFileReference; lastKnownFileType = sourcecode.swift; path = MemoriesViewController.swift; sourceTree = "<group>"; };
		B0E5ABA422A00DFA003AE54A /* MemoryCell.swift */ = {isa = PBXFileReference; lastKnownFileType = sourcecode.swift; path = MemoryCell.swift; sourceTree = "<group>"; };
/* End PBXFileReference section */

/* Begin PBXFrameworksBuildPhase section */
		B0E5AB8A22A003A2003AE54A /* Frameworks */ = {
			isa = PBXFrameworksBuildPhase;
			buildActionMask = 2147483647;
			files = (
			);
			runOnlyForDeploymentPostprocessing = 0;
		};
/* End PBXFrameworksBuildPhase section */

/* Begin PBXGroup section */
		B0E5AB8422A003A2003AE54A = {
			isa = PBXGroup;
			children = (
				B0E5AB8F22A003A2003AE54A /* HappyDays */,
				B0E5AB8E22A003A2003AE54A /* Products */,
			);
			sourceTree = "<group>";
		};
		B0E5AB8E22A003A2003AE54A /* Products */ = {
			isa = PBXGroup;
			children = (
				B0E5AB8D22A003A2003AE54A /* HappyDays.app */,
			);
			name = Products;
			sourceTree = "<group>";
		};
		B0E5AB8F22A003A2003AE54A /* HappyDays */ = {
			isa = PBXGroup;
			children = (
				B0E5AB9022A003A2003AE54A /* AppDelegate.swift */,
				B0E5AB9222A003A2003AE54A /* ViewController.swift */,
				B0E5AB9422A003A2003AE54A /* Main.storyboard */,
				B0E5AB9722A003A3003AE54A /* Assets.xcassets */,
				B0E5AB9922A003A3003AE54A /* LaunchScreen.storyboard */,
				B0E5AB9C22A003A3003AE54A /* Info.plist */,
				B0E5ABA222A008D6003AE54A /* MemoriesViewController.swift */,
				B0E5ABA422A00DFA003AE54A /* MemoryCell.swift */,
			);
			path = HappyDays;
			sourceTree = "<group>";
		};
/* End PBXGroup section */

/* Begin PBXNativeTarget section */
		B0E5AB8C22A003A2003AE54A /* HappyDays */ = {
			isa = PBXNativeTarget;
			buildConfigurationList = B0E5AB9F22A003A3003AE54A /* Build configuration list for PBXNativeTarget "HappyDays" */;
			buildPhases = (
				B0E5AB8922A003A2003AE54A /* Sources */,
				B0E5AB8A22A003A2003AE54A /* Frameworks */,
				B0E5AB8B22A003A2003AE54A /* Resources */,
			);
			buildRules = (
			);
			dependencies = (
			);
			name = HappyDays;
			productName = HappyDays;
			productReference = B0E5AB8D22A003A2003AE54A /* HappyDays.app */;
			productType = "com.apple.product-type.application";
		};
/* End PBXNativeTarget section */

/* Begin PBXProject section */
		B0E5AB8522A003A2003AE54A /* Project object */ = {
			isa = PBXProject;
			attributes = {
				LastSwiftUpdateCheck = 1020;
				LastUpgradeCheck = 1020;
				ORGANIZATIONNAME = "Maksim Nosov";
				TargetAttributes = {
					B0E5AB8C22A003A2003AE54A = {
						CreatedOnToolsVersion = 10.2.1;
					};
				};
			};
			buildConfigurationList = B0E5AB8822A003A2003AE54A /* Build configuration list for PBXProject "HappyDays" */;
			compatibilityVersion = "Xcode 9.3";
			developmentRegion = en;
			hasScannedForEncodings = 0;
			knownRegions = (
				en,
				Base,
			);
			mainGroup = B0E5AB8422A003A2003AE54A;
			productRefGroup = B0E5AB8E22A003A2003AE54A /* Products */;
			projectDirPath = "";
			projectRoot = "";
			targets = (
				B0E5AB8C22A003A2003AE54A /* HappyDays */,
			);
		};
/* End PBXProject section */

/* Begin PBXResourcesBuildPhase section */
		B0E5AB8B22A003A2003AE54A /* Resources */ = {
			isa = PBXResourcesBuildPhase;
			buildActionMask = 2147483647;
			files = (
				B0E5AB9B22A003A3003AE54A /* LaunchScreen.storyboard in Resources */,
				B0E5AB9822A003A3003AE54A /* Assets.xcassets in Resources */,
				B0E5AB9622A003A2003AE54A /* Main.storyboard in Resources */,
			);
			runOnlyForDeploymentPostprocessing = 0;
		};
/* End PBXResourcesBuildPhase section */

/* Begin PBXSourcesBuildPhase section */
		B0E5AB8922A003A2003AE54A /* Sources */ = {
			isa = PBXSourcesBuildPhase;
			buildActionMask = 2147483647;
			files = (
				B0E5ABA522A00DFA003AE54A /* MemoryCell.swift in Sources */,
				B0E5ABA322A008D6003AE54A /* MemoriesViewController.swift in Sources */,
				B0E5AB9322A003A2003AE54A /* ViewController.swift in Sources */,
				B0E5AB9122A003A2003AE54A /* AppDelegate.swift in Sources */,
			);
			runOnlyForDeploymentPostprocessing = 0;
		};
/* End PBXSourcesBuildPhase section */

/* Begin PBXVariantGroup section */
		B0E5AB9422A003A2003AE54A /* Main.storyboard */ = {
			isa = PBXVariantGroup;
			children = (
				B0E5AB9522A003A2003AE54A /* Base */,
			);
			name = Main.storyboard;
			sourceTree = "<group>";
		};
		B0E5AB9922A003A3003AE54A /* LaunchScreen.storyboard */ = {
			isa = PBXVariantGroup;
			children = (
				B0E5AB9A22A003A3003AE54A /* Base */,
			);
			name = LaunchScreen.storyboard;
			sourceTree = "<group>";
		};
/* End PBXVariantGroup section */

/* Begin XCBuildConfiguration section */
		B0E5AB9D22A003A3003AE54A /* Debug */ = {
			isa = XCBuildConfiguration;
			buildSettings = {
				ALWAYS_SEARCH_USER_PATHS = NO;
				CLANG_ANALYZER_NONNULL = YES;
				CLANG_ANALYZER_NUMBER_OBJECT_CONVERSION = YES_AGGRESSIVE;
				CLANG_CXX_LANGUAGE_STANDARD = "gnu++14";
				CLANG_CXX_LIBRARY = "libc++";
				CLANG_ENABLE_MODULES = YES;
				CLANG_ENABLE_OBJC_ARC = YES;
				CLANG_ENABLE_OBJC_WEAK = YES;
				CLANG_WARN_BLOCK_CAPTURE_AUTORELEASING = YES;
				CLANG_WARN_BOOL_CONVERSION = YES;
				CLANG_WARN_COMMA = YES;
				CLANG_WARN_CONSTANT_CONVERSION = YES;
				CLANG_WARN_DEPRECATED_OBJC_IMPLEMENTATIONS = YES;
				CLANG_WARN_DIRECT_OBJC_ISA_USAGE = YES_ERROR;
				CLANG_WARN_DOCUMENTATION_COMMENTS = YES;
				CLANG_WARN_EMPTY_BODY = YES;
				CLANG_WARN_ENUM_CONVERSION = YES;
				CLANG_WARN_INFINITE_RECURSION = YES;
				CLANG_WARN_INT_CONVERSION = YES;
				CLANG_WARN_NON_LITERAL_NULL_CONVERSION = YES;
				CLANG_WARN_OBJC_IMPLICIT_RETAIN_SELF = YES;
				CLANG_WARN_OBJC_LITERAL_CONVERSION = YES;
				CLANG_WARN_OBJC_ROOT_CLASS = YES_ERROR;
				CLANG_WARN_RANGE_LOOP_ANALYSIS = YES;
				CLANG_WARN_STRICT_PROTOTYPES = YES;
				CLANG_WARN_SUSPICIOUS_MOVE = YES;
				CLANG_WARN_UNGUARDED_AVAILABILITY = YES_AGGRESSIVE;
				CLANG_WARN_UNREACHABLE_CODE = YES;
				CLANG_WARN__DUPLICATE_METHOD_MATCH = YES;
				CODE_SIGN_IDENTITY = "iPhone Developer";
				COPY_PHASE_STRIP = NO;
				DEBUG_INFORMATION_FORMAT = dwarf;
				ENABLE_STRICT_OBJC_MSGSEND = YES;
				ENABLE_TESTABILITY = YES;
				GCC_C_LANGUAGE_STANDARD = gnu11;
				GCC_DYNAMIC_NO_PIC = NO;
				GCC_NO_COMMON_BLOCKS = YES;
				GCC_OPTIMIZATION_LEVEL = 0;
				GCC_PREPROCESSOR_DEFINITIONS = (
					"DEBUG=1",
					"$(inherited)",
				);
				GCC_WARN_64_TO_32_BIT_CONVERSION = YES;
				GCC_WARN_ABOUT_RETURN_TYPE = YES_ERROR;
				GCC_WARN_UNDECLARED_SELECTOR = YES;
				GCC_WARN_UNINITIALIZED_AUTOS = YES_AGGRESSIVE;
				GCC_WARN_UNUSED_FUNCTION = YES;
				GCC_WARN_UNUSED_VARIABLE = YES;
				IPHONEOS_DEPLOYMENT_TARGET = 12.2;
				MTL_ENABLE_DEBUG_INFO = INCLUDE_SOURCE;
				MTL_FAST_MATH = YES;
				ONLY_ACTIVE_ARCH = YES;
				SDKROOT = iphoneos;
				SWIFT_ACTIVE_COMPILATION_CONDITIONS = DEBUG;
				SWIFT_OPTIMIZATION_LEVEL = "-Onone";
			};
			name = Debug;
		};
		B0E5AB9E22A003A3003AE54A /* Release */ = {
			isa = XCBuildConfiguration;
			buildSettings = {
				ALWAYS_SEARCH_USER_PATHS = NO;
				CLANG_ANALYZER_NONNULL = YES;
				CLANG_ANALYZER_NUMBER_OBJECT_CONVERSION = YES_AGGRESSIVE;
				CLANG_CXX_LANGUAGE_STANDARD = "gnu++14";
				CLANG_CXX_LIBRARY = "libc++";
				CLANG_ENABLE_MODULES = YES;
				CLANG_ENABLE_OBJC_ARC = YES;
				CLANG_ENABLE_OBJC_WEAK = YES;
				CLANG_WARN_BLOCK_CAPTURE_AUTORELEASING = YES;
				CLANG_WARN_BOOL_CONVERSION = YES;
				CLANG_WARN_COMMA = YES;
				CLANG_WARN_CONSTANT_CONVERSION = YES;
				CLANG_WARN_DEPRECATED_OBJC_IMPLEMENTATIONS = YES;
				CLANG_WARN_DIRECT_OBJC_ISA_USAGE = YES_ERROR;
				CLANG_WARN_DOCUMENTATION_COMMENTS = YES;
				CLANG_WARN_EMPTY_BODY = YES;
				CLANG_WARN_ENUM_CONVERSION = YES;
				CLANG_WARN_INFINITE_RECURSION = YES;
				CLANG_WARN_INT_CONVERSION = YES;
				CLANG_WARN_NON_LITERAL_NULL_CONVERSION = YES;
				CLANG_WARN_OBJC_IMPLICIT_RETAIN_SELF = YES;
				CLANG_WARN_OBJC_LITERAL_CONVERSION = YES;
				CLANG_WARN_OBJC_ROOT_CLASS = YES_ERROR;
				CLANG_WARN_RANGE_LOOP_ANALYSIS = YES;
				CLANG_WARN_STRICT_PROTOTYPES = YES;
				CLANG_WARN_SUSPICIOUS_MOVE = YES;
				CLANG_WARN_UNGUARDED_AVAILABILITY = YES_AGGRESSIVE;
				CLANG_WARN_UNREACHABLE_CODE = YES;
				CLANG_WARN__DUPLICATE_METHOD_MATCH = YES;
				CODE_SIGN_IDENTITY = "iPhone Developer";
				COPY_PHASE_STRIP = NO;
				DEBUG_INFORMATION_FORMAT = "dwarf-with-dsym";
				ENABLE_NS_ASSERTIONS = NO;
				ENABLE_STRICT_OBJC_MSGSEND = YES;
				GCC_C_LANGUAGE_STANDARD = gnu11;
				GCC_NO_COMMON_BLOCKS = YES;
				GCC_WARN_64_TO_32_BIT_CONVERSION = YES;
				GCC_WARN_ABOUT_RETURN_TYPE = YES_ERROR;
				GCC_WARN_UNDECLARED_SELECTOR = YES;
				GCC_WARN_UNINITIALIZED_AUTOS = YES_AGGRESSIVE;
				GCC_WARN_UNUSED_FUNCTION = YES;
				GCC_WARN_UNUSED_VARIABLE = YES;
				IPHONEOS_DEPLOYMENT_TARGET = 12.2;
				MTL_ENABLE_DEBUG_INFO = NO;
				MTL_FAST_MATH = YES;
				SDKROOT = iphoneos;
				SWIFT_COMPILATION_MODE = wholemodule;
				SWIFT_OPTIMIZATION_LEVEL = "-O";
				VALIDATE_PRODUCT = YES;
			};
			name = Release;
		};
		B0E5ABA022A003A3003AE54A /* Debug */ = {
			isa = XCBuildConfiguration;
			buildSettings = {
				ASSETCATALOG_COMPILER_APPICON_NAME = AppIcon;
				CODE_SIGN_STYLE = Manual;
				DEVELOPMENT_TEAM = "";
				INFOPLIST_FILE = HappyDays/Info.plist;
				LD_RUNPATH_SEARCH_PATHS = (
					"$(inherited)",
					"@executable_path/Frameworks",
				);
				PRODUCT_BUNDLE_IDENTIFIER = ozolc.HappyDays;
				PRODUCT_NAME = "$(TARGET_NAME)";
				PROVISIONING_PROFILE_SPECIFIER = "";
				SWIFT_VERSION = 5.0;
				TARGETED_DEVICE_FAMILY = "1,2";
			};
			name = Debug;
		};
		B0E5ABA122A003A3003AE54A /* Release */ = {
			isa = XCBuildConfiguration;
			buildSettings = {
				ASSETCATALOG_COMPILER_APPICON_NAME = AppIcon;
				CODE_SIGN_STYLE = Manual;
				DEVELOPMENT_TEAM = "";
				INFOPLIST_FILE = HappyDays/Info.plist;
				LD_RUNPATH_SEARCH_PATHS = (
					"$(inherited)",
					"@executable_path/Frameworks",
				);
				PRODUCT_BUNDLE_IDENTIFIER = ozolc.HappyDays;
				PRODUCT_NAME = "$(TARGET_NAME)";
				PROVISIONING_PROFILE_SPECIFIER = "";
				SWIFT_VERSION = 5.0;
				TARGETED_DEVICE_FAMILY = "1,2";
			};
			name = Release;
		};
/* End XCBuildConfiguration section */

/* Begin XCConfigurationList section */
		B0E5AB8822A003A2003AE54A /* Build configuration list for PBXProject "HappyDays" */ = {
			isa = XCConfigurationList;
			buildConfigurations = (
				B0E5AB9D22A003A3003AE54A /* Debug */,
				B0E5AB9E22A003A3003AE54A /* Release */,
			);
			defaultConfigurationIsVisible = 0;
			defaultConfigurationName = Release;
		};
		B0E5AB9F22A003A3003AE54A /* Build configuration list for PBXNativeTarget "HappyDays" */ = {
			isa = XCConfigurationList;
			buildConfigurations = (
				B0E5ABA022A003A3003AE54A /* Debug */,
				B0E5ABA122A003A3003AE54A /* Release */,
			);
			defaultConfigurationIsVisible = 0;
			defaultConfigurationName = Release;
		};
/* End XCConfigurationList section */
	};
	rootObject = B0E5AB8522A003A2003AE54A /* Project object */;
}
