// !$*UTF8*$!
{
	archiveVersion = 1;
	classes = {
	};
	objectVersion = 50;
	objects = {

/* Begin PBXBuildFile section */
		B01D5F9222BA18F800AA044D /* AppDelegate.swift in Sources */ = {isa = PBXBuildFile; fileRef = B01D5F9122BA18F800AA044D /* AppDelegate.swift */; };
		B01D5F9422BA18F800AA044D /* ViewController.swift in Sources */ = {isa = PBXBuildFile; fileRef = B01D5F9322BA18F800AA044D /* ViewController.swift */; };
		B01D5F9722BA18F800AA044D /* Main.storyboard in Resources */ = {isa = PBXBuildFile; fileRef = B01D5F9522BA18F800AA044D /* Main.storyboard */; };
		B01D5F9922BA18F800AA044D /* Assets.xcassets in Resources */ = {isa = PBXBuildFile; fileRef = B01D5F9822BA18F800AA044D /* Assets.xcassets */; };
		B01D5F9C22BA18F800AA044D /* LaunchScreen.storyboard in Resources */ = {isa = PBXBuildFile; fileRef = B01D5F9A22BA18F800AA044D /* LaunchScreen.storyboard */; };
		B01D5FA422BA263D00AA044D /* GroupViewController.swift in Sources */ = {isa = PBXBuildFile; fileRef = B01D5FA322BA263D00AA044D /* GroupViewController.swift */; };
		B01D5FA622BA266C00AA044D /* AlarmViewController.swift in Sources */ = {isa = PBXBuildFile; fileRef = B01D5FA522BA266C00AA044D /* AlarmViewController.swift */; };
		B01D5FA822BA29F000AA044D /* Group.swift in Sources */ = {isa = PBXBuildFile; fileRef = B01D5FA722BA29F000AA044D /* Group.swift */; };
		B01D5FAA22BA29FD00AA044D /* Alarm.swift in Sources */ = {isa = PBXBuildFile; fileRef = B01D5FA922BA29FD00AA044D /* Alarm.swift */; };
		B036C1B922BA66880006A10E /* Helper.swift in Sources */ = {isa = PBXBuildFile; fileRef = B036C1B822BA66880006A10E /* Helper.swift */; };
/* End PBXBuildFile section */

/* Begin PBXFileReference section */
		B01D5F8E22BA18F800AA044D /* Alarmadillo.app */ = {isa = PBXFileReference; explicitFileType = wrapper.application; includeInIndex = 0; path = Alarmadillo.app; sourceTree = BUILT_PRODUCTS_DIR; };
		B01D5F9122BA18F800AA044D /* AppDelegate.swift */ = {isa = PBXFileReference; lastKnownFileType = sourcecode.swift; path = AppDelegate.swift; sourceTree = "<group>"; };
		B01D5F9322BA18F800AA044D /* ViewController.swift */ = {isa = PBXFileReference; lastKnownFileType = sourcecode.swift; path = ViewController.swift; sourceTree = "<group>"; };
		B01D5F9622BA18F800AA044D /* Base */ = {isa = PBXFileReference; lastKnownFileType = file.storyboard; name = Base; path = Base.lproj/Main.storyboard; sourceTree = "<group>"; };
		B01D5F9822BA18F800AA044D /* Assets.xcassets */ = {isa = PBXFileReference; lastKnownFileType = folder.assetcatalog; path = Assets.xcassets; sourceTree = "<group>"; };
		B01D5F9B22BA18F800AA044D /* Base */ = {isa = PBXFileReference; lastKnownFileType = file.storyboard; name = Base; path = Base.lproj/LaunchScreen.storyboard; sourceTree = "<group>"; };
		B01D5F9D22BA18F800AA044D /* Info.plist */ = {isa = PBXFileReference; lastKnownFileType = text.plist.xml; path = Info.plist; sourceTree = "<group>"; };
		B01D5FA322BA263D00AA044D /* GroupViewController.swift */ = {isa = PBXFileReference; lastKnownFileType = sourcecode.swift; path = GroupViewController.swift; sourceTree = "<group>"; };
		B01D5FA522BA266C00AA044D /* AlarmViewController.swift */ = {isa = PBXFileReference; lastKnownFileType = sourcecode.swift; path = AlarmViewController.swift; sourceTree = "<group>"; };
		B01D5FA722BA29F000AA044D /* Group.swift */ = {isa = PBXFileReference; lastKnownFileType = sourcecode.swift; path = Group.swift; sourceTree = "<group>"; };
		B01D5FA922BA29FD00AA044D /* Alarm.swift */ = {isa = PBXFileReference; lastKnownFileType = sourcecode.swift; path = Alarm.swift; sourceTree = "<group>"; };
		B036C1B822BA66880006A10E /* Helper.swift */ = {isa = PBXFileReference; lastKnownFileType = sourcecode.swift; path = Helper.swift; sourceTree = "<group>"; };
/* End PBXFileReference section */

/* Begin PBXFrameworksBuildPhase section */
		B01D5F8B22BA18F800AA044D /* Frameworks */ = {
			isa = PBXFrameworksBuildPhase;
			buildActionMask = 2147483647;
			files = (
			);
			runOnlyForDeploymentPostprocessing = 0;
		};
/* End PBXFrameworksBuildPhase section */

/* Begin PBXGroup section */
		B01D5F8522BA18F800AA044D = {
			isa = PBXGroup;
			children = (
				B01D5F9022BA18F800AA044D /* Alarmadillo */,
				B01D5F8F22BA18F800AA044D /* Products */,
			);
			sourceTree = "<group>";
		};
		B01D5F8F22BA18F800AA044D /* Products */ = {
			isa = PBXGroup;
			children = (
				B01D5F8E22BA18F800AA044D /* Alarmadillo.app */,
			);
			name = Products;
			sourceTree = "<group>";
		};
		B01D5F9022BA18F800AA044D /* Alarmadillo */ = {
			isa = PBXGroup;
			children = (
				B01D5F9122BA18F800AA044D /* AppDelegate.swift */,
				B01D5FAC22BA39B400AA044D /* Controller */,
				B01D5F9522BA18F800AA044D /* Main.storyboard */,
				B01D5F9822BA18F800AA044D /* Assets.xcassets */,
				B01D5F9A22BA18F800AA044D /* LaunchScreen.storyboard */,
				B01D5F9D22BA18F800AA044D /* Info.plist */,
				B01D5FAB22BA308E00AA044D /* Model */,
				B036C1B822BA66880006A10E /* Helper.swift */,
			);
			path = Alarmadillo;
			sourceTree = "<group>";
		};
		B01D5FAB22BA308E00AA044D /* Model */ = {
			isa = PBXGroup;
			children = (
				B01D5FA722BA29F000AA044D /* Group.swift */,
				B01D5FA922BA29FD00AA044D /* Alarm.swift */,
			);
			path = Model;
			sourceTree = "<group>";
		};
		B01D5FAC22BA39B400AA044D /* Controller */ = {
			isa = PBXGroup;
			children = (
				B01D5F9322BA18F800AA044D /* ViewController.swift */,
				B01D5FA322BA263D00AA044D /* GroupViewController.swift */,
				B01D5FA522BA266C00AA044D /* AlarmViewController.swift */,
			);
			path = Controller;
			sourceTree = "<group>";
		};
/* End PBXGroup section */

/* Begin PBXNativeTarget section */
		B01D5F8D22BA18F800AA044D /* Alarmadillo */ = {
			isa = PBXNativeTarget;
			buildConfigurationList = B01D5FA022BA18F800AA044D /* Build configuration list for PBXNativeTarget "Alarmadillo" */;
			buildPhases = (
				B01D5F8A22BA18F800AA044D /* Sources */,
				B01D5F8B22BA18F800AA044D /* Frameworks */,
				B01D5F8C22BA18F800AA044D /* Resources */,
			);
			buildRules = (
			);
			dependencies = (
			);
			name = Alarmadillo;
			productName = Alarmadillo;
			productReference = B01D5F8E22BA18F800AA044D /* Alarmadillo.app */;
			productType = "com.apple.product-type.application";
		};
/* End PBXNativeTarget section */

/* Begin PBXProject section */
		B01D5F8622BA18F800AA044D /* Project object */ = {
			isa = PBXProject;
			attributes = {
				LastSwiftUpdateCheck = 1020;
				LastUpgradeCheck = 1020;
				ORGANIZATIONNAME = "Maksim Nosov";
				TargetAttributes = {
					B01D5F8D22BA18F800AA044D = {
						CreatedOnToolsVersion = 10.2.1;
					};
				};
			};
			buildConfigurationList = B01D5F8922BA18F800AA044D /* Build configuration list for PBXProject "Alarmadillo" */;
			compatibilityVersion = "Xcode 9.3";
			developmentRegion = en;
			hasScannedForEncodings = 0;
			knownRegions = (
				en,
				Base,
			);
			mainGroup = B01D5F8522BA18F800AA044D;
			productRefGroup = B01D5F8F22BA18F800AA044D /* Products */;
			projectDirPath = "";
			projectRoot = "";
			targets = (
				B01D5F8D22BA18F800AA044D /* Alarmadillo */,
			);
		};
/* End PBXProject section */

/* Begin PBXResourcesBuildPhase section */
		B01D5F8C22BA18F800AA044D /* Resources */ = {
			isa = PBXResourcesBuildPhase;
			buildActionMask = 2147483647;
			files = (
				B01D5F9C22BA18F800AA044D /* LaunchScreen.storyboard in Resources */,
				B01D5F9922BA18F800AA044D /* Assets.xcassets in Resources */,
				B01D5F9722BA18F800AA044D /* Main.storyboard in Resources */,
			);
			runOnlyForDeploymentPostprocessing = 0;
		};
/* End PBXResourcesBuildPhase section */

/* Begin PBXSourcesBuildPhase section */
		B01D5F8A22BA18F800AA044D /* Sources */ = {
			isa = PBXSourcesBuildPhase;
			buildActionMask = 2147483647;
			files = (
				B01D5FA622BA266C00AA044D /* AlarmViewController.swift in Sources */,
				B036C1B922BA66880006A10E /* Helper.swift in Sources */,
				B01D5FA422BA263D00AA044D /* GroupViewController.swift in Sources */,
				B01D5F9422BA18F800AA044D /* ViewController.swift in Sources */,
				B01D5FA822BA29F000AA044D /* Group.swift in Sources */,
				B01D5F9222BA18F800AA044D /* AppDelegate.swift in Sources */,
				B01D5FAA22BA29FD00AA044D /* Alarm.swift in Sources */,
			);
			runOnlyForDeploymentPostprocessing = 0;
		};
/* End PBXSourcesBuildPhase section */

/* Begin PBXVariantGroup section */
		B01D5F9522BA18F800AA044D /* Main.storyboard */ = {
			isa = PBXVariantGroup;
			children = (
				B01D5F9622BA18F800AA044D /* Base */,
			);
			name = Main.storyboard;
			sourceTree = "<group>";
		};
		B01D5F9A22BA18F800AA044D /* LaunchScreen.storyboard */ = {
			isa = PBXVariantGroup;
			children = (
				B01D5F9B22BA18F800AA044D /* Base */,
			);
			name = LaunchScreen.storyboard;
			sourceTree = "<group>";
		};
/* End PBXVariantGroup section */

/* Begin XCBuildConfiguration section */
		B01D5F9E22BA18F800AA044D /* Debug */ = {
			isa = XCBuildConfiguration;
			buildSettings = {
				ALWAYS_SEARCH_USER_PATHS = NO;
				CLANG_ANALYZER_NONNULL = YES;
				CLANG_ANALYZER_NUMBER_OBJECT_CONVERSION = YES_AGGRESSIVE;
				CLANG_CXX_LANGUAGE_STANDARD = "gnu++14";
				CLANG_CXX_LIBRARY = "libc++";
				CLANG_ENABLE_MODULES = YES;
				CLANG_ENABLE_OBJC_ARC = YES;
				CLANG_ENABLE_OBJC_WEAK = YES;
				CLANG_WARN_BLOCK_CAPTURE_AUTORELEASING = YES;
				CLANG_WARN_BOOL_CONVERSION = YES;
				CLANG_WARN_COMMA = YES;
				CLANG_WARN_CONSTANT_CONVERSION = YES;
				CLANG_WARN_DEPRECATED_OBJC_IMPLEMENTATIONS = YES;
				CLANG_WARN_DIRECT_OBJC_ISA_USAGE = YES_ERROR;
				CLANG_WARN_DOCUMENTATION_COMMENTS = YES;
				CLANG_WARN_EMPTY_BODY = YES;
				CLANG_WARN_ENUM_CONVERSION = YES;
				CLANG_WARN_INFINITE_RECURSION = YES;
				CLANG_WARN_INT_CONVERSION = YES;
				CLANG_WARN_NON_LITERAL_NULL_CONVERSION = YES;
				CLANG_WARN_OBJC_IMPLICIT_RETAIN_SELF = YES;
				CLANG_WARN_OBJC_LITERAL_CONVERSION = YES;
				CLANG_WARN_OBJC_ROOT_CLASS = YES_ERROR;
				CLANG_WARN_RANGE_LOOP_ANALYSIS = YES;
				CLANG_WARN_STRICT_PROTOTYPES = YES;
				CLANG_WARN_SUSPICIOUS_MOVE = YES;
				CLANG_WARN_UNGUARDED_AVAILABILITY = YES_AGGRESSIVE;
				CLANG_WARN_UNREACHABLE_CODE = YES;
				CLANG_WARN__DUPLICATE_METHOD_MATCH = YES;
				CODE_SIGN_IDENTITY = "iPhone Developer";
				COPY_PHASE_STRIP = NO;
				DEBUG_INFORMATION_FORMAT = dwarf;
				ENABLE_STRICT_OBJC_MSGSEND = YES;
				ENABLE_TESTABILITY = YES;
				GCC_C_LANGUAGE_STANDARD = gnu11;
				GCC_DYNAMIC_NO_PIC = NO;
				GCC_NO_COMMON_BLOCKS = YES;
				GCC_OPTIMIZATION_LEVEL = 0;
				GCC_PREPROCESSOR_DEFINITIONS = (
					"DEBUG=1",
					"$(inherited)",
				);
				GCC_WARN_64_TO_32_BIT_CONVERSION = YES;
				GCC_WARN_ABOUT_RETURN_TYPE = YES_ERROR;
				GCC_WARN_UNDECLARED_SELECTOR = YES;
				GCC_WARN_UNINITIALIZED_AUTOS = YES_AGGRESSIVE;
				GCC_WARN_UNUSED_FUNCTION = YES;
				GCC_WARN_UNUSED_VARIABLE = YES;
				IPHONEOS_DEPLOYMENT_TARGET = 12.2;
				MTL_ENABLE_DEBUG_INFO = INCLUDE_SOURCE;
				MTL_FAST_MATH = YES;
				ONLY_ACTIVE_ARCH = YES;
				SDKROOT = iphoneos;
				SWIFT_ACTIVE_COMPILATION_CONDITIONS = DEBUG;
				SWIFT_OPTIMIZATION_LEVEL = "-Onone";
			};
			name = Debug;
		};
		B01D5F9F22BA18F800AA044D /* Release */ = {
			isa = XCBuildConfiguration;
			buildSettings = {
				ALWAYS_SEARCH_USER_PATHS = NO;
				CLANG_ANALYZER_NONNULL = YES;
				CLANG_ANALYZER_NUMBER_OBJECT_CONVERSION = YES_AGGRESSIVE;
				CLANG_CXX_LANGUAGE_STANDARD = "gnu++14";
				CLANG_CXX_LIBRARY = "libc++";
				CLANG_ENABLE_MODULES = YES;
				CLANG_ENABLE_OBJC_ARC = YES;
				CLANG_ENABLE_OBJC_WEAK = YES;
				CLANG_WARN_BLOCK_CAPTURE_AUTORELEASING = YES;
				CLANG_WARN_BOOL_CONVERSION = YES;
				CLANG_WARN_COMMA = YES;
				CLANG_WARN_CONSTANT_CONVERSION = YES;
				CLANG_WARN_DEPRECATED_OBJC_IMPLEMENTATIONS = YES;
				CLANG_WARN_DIRECT_OBJC_ISA_USAGE = YES_ERROR;
				CLANG_WARN_DOCUMENTATION_COMMENTS = YES;
				CLANG_WARN_EMPTY_BODY = YES;
				CLANG_WARN_ENUM_CONVERSION = YES;
				CLANG_WARN_INFINITE_RECURSION = YES;
				CLANG_WARN_INT_CONVERSION = YES;
				CLANG_WARN_NON_LITERAL_NULL_CONVERSION = YES;
				CLANG_WARN_OBJC_IMPLICIT_RETAIN_SELF = YES;
				CLANG_WARN_OBJC_LITERAL_CONVERSION = YES;
				CLANG_WARN_OBJC_ROOT_CLASS = YES_ERROR;
				CLANG_WARN_RANGE_LOOP_ANALYSIS = YES;
				CLANG_WARN_STRICT_PROTOTYPES = YES;
				CLANG_WARN_SUSPICIOUS_MOVE = YES;
				CLANG_WARN_UNGUARDED_AVAILABILITY = YES_AGGRESSIVE;
				CLANG_WARN_UNREACHABLE_CODE = YES;
				CLANG_WARN__DUPLICATE_METHOD_MATCH = YES;
				CODE_SIGN_IDENTITY = "iPhone Developer";
				COPY_PHASE_STRIP = NO;
				DEBUG_INFORMATION_FORMAT = "dwarf-with-dsym";
				ENABLE_NS_ASSERTIONS = NO;
				ENABLE_STRICT_OBJC_MSGSEND = YES;
				GCC_C_LANGUAGE_STANDARD = gnu11;
				GCC_NO_COMMON_BLOCKS = YES;
				GCC_WARN_64_TO_32_BIT_CONVERSION = YES;
				GCC_WARN_ABOUT_RETURN_TYPE = YES_ERROR;
				GCC_WARN_UNDECLARED_SELECTOR = YES;
				GCC_WARN_UNINITIALIZED_AUTOS = YES_AGGRESSIVE;
				GCC_WARN_UNUSED_FUNCTION = YES;
				GCC_WARN_UNUSED_VARIABLE = YES;
				IPHONEOS_DEPLOYMENT_TARGET = 12.2;
				MTL_ENABLE_DEBUG_INFO = NO;
				MTL_FAST_MATH = YES;
				SDKROOT = iphoneos;
				SWIFT_COMPILATION_MODE = wholemodule;
				SWIFT_OPTIMIZATION_LEVEL = "-O";
				VALIDATE_PRODUCT = YES;
			};
			name = Release;
		};
		B01D5FA122BA18F800AA044D /* Debug */ = {
			isa = XCBuildConfiguration;
			buildSettings = {
				ASSETCATALOG_COMPILER_APPICON_NAME = AppIcon;
				CODE_SIGN_STYLE = Automatic;
				INFOPLIST_FILE = Alarmadillo/Info.plist;
				LD_RUNPATH_SEARCH_PATHS = (
					"$(inherited)",
					"@executable_path/Frameworks",
				);
				PRODUCT_BUNDLE_IDENTIFIER = ozolc.Alarmadillo;
				PRODUCT_NAME = "$(TARGET_NAME)";
				SWIFT_VERSION = 5.0;
				TARGETED_DEVICE_FAMILY = 1;
			};
			name = Debug;
		};
		B01D5FA222BA18F800AA044D /* Release */ = {
			isa = XCBuildConfiguration;
			buildSettings = {
				ASSETCATALOG_COMPILER_APPICON_NAME = AppIcon;
				CODE_SIGN_STYLE = Automatic;
				INFOPLIST_FILE = Alarmadillo/Info.plist;
				LD_RUNPATH_SEARCH_PATHS = (
					"$(inherited)",
					"@executable_path/Frameworks",
				);
				PRODUCT_BUNDLE_IDENTIFIER = ozolc.Alarmadillo;
				PRODUCT_NAME = "$(TARGET_NAME)";
				SWIFT_VERSION = 5.0;
				TARGETED_DEVICE_FAMILY = 1;
			};
			name = Release;
		};
/* End XCBuildConfiguration section */

/* Begin XCConfigurationList section */
		B01D5F8922BA18F800AA044D /* Build configuration list for PBXProject "Alarmadillo" */ = {
			isa = XCConfigurationList;
			buildConfigurations = (
				B01D5F9E22BA18F800AA044D /* Debug */,
				B01D5F9F22BA18F800AA044D /* Release */,
			);
			defaultConfigurationIsVisible = 0;
			defaultConfigurationName = Release;
		};
		B01D5FA022BA18F800AA044D /* Build configuration list for PBXNativeTarget "Alarmadillo" */ = {
			isa = XCConfigurationList;
			buildConfigurations = (
				B01D5FA122BA18F800AA044D /* Debug */,
				B01D5FA222BA18F800AA044D /* Release */,
			);
			defaultConfigurationIsVisible = 0;
			defaultConfigurationName = Release;
		};
/* End XCConfigurationList section */
	};
	rootObject = B01D5F8622BA18F800AA044D /* Project object */;
}
