// !$*UTF8*$!
{
	archiveVersion = 1;
	classes = {
	};
	objectVersion = 50;
	objects = {

/* Begin PBXBuildFile section */
		B04AD06022B9102A00CA60A8 /* TestViewController.swift in Sources */ = {isa = PBXBuildFile; fileRef = B04AD05F22B9102A00CA60A8 /* TestViewController.swift */; };
		B079849322B8CB0D00A72556 /* AppDelegate.swift in Sources */ = {isa = PBXBuildFile; fileRef = B079849222B8CB0D00A72556 /* AppDelegate.swift */; };
		B079849522B8CB0D00A72556 /* ViewController.swift in Sources */ = {isa = PBXBuildFile; fileRef = B079849422B8CB0D00A72556 /* ViewController.swift */; };
		B079849822B8CB0D00A72556 /* Main.storyboard in Resources */ = {isa = PBXBuildFile; fileRef = B079849622B8CB0D00A72556 /* Main.storyboard */; };
		B079849A22B8CB0E00A72556 /* Assets.xcassets in Resources */ = {isa = PBXBuildFile; fileRef = B079849922B8CB0E00A72556 /* Assets.xcassets */; };
		B079849D22B8CB0E00A72556 /* LaunchScreen.storyboard in Resources */ = {isa = PBXBuildFile; fileRef = B079849B22B8CB0E00A72556 /* LaunchScreen.storyboard */; };
		B07984AB22B8D3B600A72556 /* NotificationCenter.framework in Frameworks */ = {isa = PBXBuildFile; fileRef = B07984AA22B8D3B600A72556 /* NotificationCenter.framework */; };
		B07984AE22B8D3B600A72556 /* TodayViewController.swift in Sources */ = {isa = PBXBuildFile; fileRef = B07984AD22B8D3B600A72556 /* TodayViewController.swift */; };
		B07984B122B8D3B600A72556 /* MainInterface.storyboard in Resources */ = {isa = PBXBuildFile; fileRef = B07984AF22B8D3B600A72556 /* MainInterface.storyboard */; };
		B07984B522B8D3B600A72556 /* Widget.appex in Embed App Extensions */ = {isa = PBXBuildFile; fileRef = B07984A822B8D3B600A72556 /* Widget.appex */; settings = {ATTRIBUTES = (RemoveHeadersOnCopy, ); }; };
/* End PBXBuildFile section */

/* Begin PBXContainerItemProxy section */
		B07984B322B8D3B600A72556 /* PBXContainerItemProxy */ = {
			isa = PBXContainerItemProxy;
			containerPortal = B079848722B8CB0D00A72556 /* Project object */;
			proxyType = 1;
			remoteGlobalIDString = B07984A722B8D3B600A72556;
			remoteInfo = Widget;
		};
/* End PBXContainerItemProxy section */

/* Begin PBXCopyFilesBuildPhase section */
		B07984B922B8D3B600A72556 /* Embed App Extensions */ = {
			isa = PBXCopyFilesBuildPhase;
			buildActionMask = 2147483647;
			dstPath = "";
			dstSubfolderSpec = 13;
			files = (
				B07984B522B8D3B600A72556 /* Widget.appex in Embed App Extensions */,
			);
			name = "Embed App Extensions";
			runOnlyForDeploymentPostprocessing = 0;
		};
/* End PBXCopyFilesBuildPhase section */

/* Begin PBXFileReference section */
		B04AD05F22B9102A00CA60A8 /* TestViewController.swift */ = {isa = PBXFileReference; lastKnownFileType = sourcecode.swift; path = TestViewController.swift; sourceTree = "<group>"; };
		B079848F22B8CB0D00A72556 /* Polyglot.app */ = {isa = PBXFileReference; explicitFileType = wrapper.application; includeInIndex = 0; path = Polyglot.app; sourceTree = BUILT_PRODUCTS_DIR; };
		B079849222B8CB0D00A72556 /* AppDelegate.swift */ = {isa = PBXFileReference; lastKnownFileType = sourcecode.swift; path = AppDelegate.swift; sourceTree = "<group>"; };
		B079849422B8CB0D00A72556 /* ViewController.swift */ = {isa = PBXFileReference; lastKnownFileType = sourcecode.swift; path = ViewController.swift; sourceTree = "<group>"; };
		B079849722B8CB0D00A72556 /* Base */ = {isa = PBXFileReference; lastKnownFileType = file.storyboard; name = Base; path = Base.lproj/Main.storyboard; sourceTree = "<group>"; };
		B079849922B8CB0E00A72556 /* Assets.xcassets */ = {isa = PBXFileReference; lastKnownFileType = folder.assetcatalog; path = Assets.xcassets; sourceTree = "<group>"; };
		B079849C22B8CB0E00A72556 /* Base */ = {isa = PBXFileReference; lastKnownFileType = file.storyboard; name = Base; path = Base.lproj/LaunchScreen.storyboard; sourceTree = "<group>"; };
		B079849E22B8CB0E00A72556 /* Info.plist */ = {isa = PBXFileReference; lastKnownFileType = text.plist.xml; path = Info.plist; sourceTree = "<group>"; };
		B07984A822B8D3B600A72556 /* Widget.appex */ = {isa = PBXFileReference; explicitFileType = "wrapper.app-extension"; includeInIndex = 0; path = Widget.appex; sourceTree = BUILT_PRODUCTS_DIR; };
		B07984AA22B8D3B600A72556 /* NotificationCenter.framework */ = {isa = PBXFileReference; lastKnownFileType = wrapper.framework; name = NotificationCenter.framework; path = System/Library/Frameworks/NotificationCenter.framework; sourceTree = SDKROOT; };
		B07984AD22B8D3B600A72556 /* TodayViewController.swift */ = {isa = PBXFileReference; lastKnownFileType = sourcecode.swift; path = TodayViewController.swift; sourceTree = "<group>"; };
		B07984B022B8D3B600A72556 /* Base */ = {isa = PBXFileReference; lastKnownFileType = file.storyboard; name = Base; path = Base.lproj/MainInterface.storyboard; sourceTree = "<group>"; };
		B07984B222B8D3B600A72556 /* Info.plist */ = {isa = PBXFileReference; lastKnownFileType = text.plist.xml; path = Info.plist; sourceTree = "<group>"; };
		B07984BA22B8D9F200A72556 /* Polyglot.entitlements */ = {isa = PBXFileReference; lastKnownFileType = text.plist.entitlements; path = Polyglot.entitlements; sourceTree = "<group>"; };
		B07984BB22B8DA6200A72556 /* Widget.entitlements */ = {isa = PBXFileReference; lastKnownFileType = text.plist.entitlements; path = Widget.entitlements; sourceTree = "<group>"; };
/* End PBXFileReference section */

/* Begin PBXFrameworksBuildPhase section */
		B079848C22B8CB0D00A72556 /* Frameworks */ = {
			isa = PBXFrameworksBuildPhase;
			buildActionMask = 2147483647;
			files = (
			);
			runOnlyForDeploymentPostprocessing = 0;
		};
		B07984A522B8D3B600A72556 /* Frameworks */ = {
			isa = PBXFrameworksBuildPhase;
			buildActionMask = 2147483647;
			files = (
				B07984AB22B8D3B600A72556 /* NotificationCenter.framework in Frameworks */,
			);
			runOnlyForDeploymentPostprocessing = 0;
		};
/* End PBXFrameworksBuildPhase section */

/* Begin PBXGroup section */
		B079848622B8CB0D00A72556 = {
			isa = PBXGroup;
			children = (
				B079849122B8CB0D00A72556 /* Polyglot */,
				B07984AC22B8D3B600A72556 /* Widget */,
				B07984A922B8D3B600A72556 /* Frameworks */,
				B079849022B8CB0D00A72556 /* Products */,
			);
			sourceTree = "<group>";
		};
		B079849022B8CB0D00A72556 /* Products */ = {
			isa = PBXGroup;
			children = (
				B079848F22B8CB0D00A72556 /* Polyglot.app */,
				B07984A822B8D3B600A72556 /* Widget.appex */,
			);
			name = Products;
			sourceTree = "<group>";
		};
		B079849122B8CB0D00A72556 /* Polyglot */ = {
			isa = PBXGroup;
			children = (
				B07984BA22B8D9F200A72556 /* Polyglot.entitlements */,
				B079849222B8CB0D00A72556 /* AppDelegate.swift */,
				B079849422B8CB0D00A72556 /* ViewController.swift */,
				B079849622B8CB0D00A72556 /* Main.storyboard */,
				B079849922B8CB0E00A72556 /* Assets.xcassets */,
				B079849B22B8CB0E00A72556 /* LaunchScreen.storyboard */,
				B079849E22B8CB0E00A72556 /* Info.plist */,
				B04AD05F22B9102A00CA60A8 /* TestViewController.swift */,
			);
			path = Polyglot;
			sourceTree = "<group>";
		};
		B07984A922B8D3B600A72556 /* Frameworks */ = {
			isa = PBXGroup;
			children = (
				B07984AA22B8D3B600A72556 /* NotificationCenter.framework */,
			);
			name = Frameworks;
			sourceTree = "<group>";
		};
		B07984AC22B8D3B600A72556 /* Widget */ = {
			isa = PBXGroup;
			children = (
				B07984BB22B8DA6200A72556 /* Widget.entitlements */,
				B07984AD22B8D3B600A72556 /* TodayViewController.swift */,
				B07984AF22B8D3B600A72556 /* MainInterface.storyboard */,
				B07984B222B8D3B600A72556 /* Info.plist */,
			);
			path = Widget;
			sourceTree = "<group>";
		};
/* End PBXGroup section */

/* Begin PBXNativeTarget section */
		B079848E22B8CB0D00A72556 /* Polyglot */ = {
			isa = PBXNativeTarget;
			buildConfigurationList = B07984A122B8CB0E00A72556 /* Build configuration list for PBXNativeTarget "Polyglot" */;
			buildPhases = (
				B079848B22B8CB0D00A72556 /* Sources */,
				B079848C22B8CB0D00A72556 /* Frameworks */,
				B079848D22B8CB0D00A72556 /* Resources */,
				B07984B922B8D3B600A72556 /* Embed App Extensions */,
			);
			buildRules = (
			);
			dependencies = (
				B07984B422B8D3B600A72556 /* PBXTargetDependency */,
			);
			name = Polyglot;
			productName = Polyglot;
			productReference = B079848F22B8CB0D00A72556 /* Polyglot.app */;
			productType = "com.apple.product-type.application";
		};
		B07984A722B8D3B600A72556 /* Widget */ = {
			isa = PBXNativeTarget;
			buildConfigurationList = B07984B622B8D3B600A72556 /* Build configuration list for PBXNativeTarget "Widget" */;
			buildPhases = (
				B07984A422B8D3B600A72556 /* Sources */,
				B07984A522B8D3B600A72556 /* Frameworks */,
				B07984A622B8D3B600A72556 /* Resources */,
			);
			buildRules = (
			);
			dependencies = (
			);
			name = Widget;
			productName = Widget;
			productReference = B07984A822B8D3B600A72556 /* Widget.appex */;
			productType = "com.apple.product-type.app-extension";
		};
/* End PBXNativeTarget section */

/* Begin PBXProject section */
		B079848722B8CB0D00A72556 /* Project object */ = {
			isa = PBXProject;
			attributes = {
				LastSwiftUpdateCheck = 1020;
				LastUpgradeCheck = 1020;
				ORGANIZATIONNAME = "Maksim Nosov";
				TargetAttributes = {
					B079848E22B8CB0D00A72556 = {
						CreatedOnToolsVersion = 10.2.1;
						SystemCapabilities = {
							com.apple.ApplicationGroups.iOS = {
								enabled = 1;
							};
						};
					};
					B07984A722B8D3B600A72556 = {
						CreatedOnToolsVersion = 10.2.1;
						SystemCapabilities = {
							com.apple.ApplicationGroups.iOS = {
								enabled = 1;
							};
						};
					};
				};
			};
			buildConfigurationList = B079848A22B8CB0D00A72556 /* Build configuration list for PBXProject "Polyglot" */;
			compatibilityVersion = "Xcode 9.3";
			developmentRegion = en;
			hasScannedForEncodings = 0;
			knownRegions = (
				en,
				Base,
			);
			mainGroup = B079848622B8CB0D00A72556;
			productRefGroup = B079849022B8CB0D00A72556 /* Products */;
			projectDirPath = "";
			projectRoot = "";
			targets = (
				B079848E22B8CB0D00A72556 /* Polyglot */,
				B07984A722B8D3B600A72556 /* Widget */,
			);
		};
/* End PBXProject section */

/* Begin PBXResourcesBuildPhase section */
		B079848D22B8CB0D00A72556 /* Resources */ = {
			isa = PBXResourcesBuildPhase;
			buildActionMask = 2147483647;
			files = (
				B079849D22B8CB0E00A72556 /* LaunchScreen.storyboard in Resources */,
				B079849A22B8CB0E00A72556 /* Assets.xcassets in Resources */,
				B079849822B8CB0D00A72556 /* Main.storyboard in Resources */,
			);
			runOnlyForDeploymentPostprocessing = 0;
		};
		B07984A622B8D3B600A72556 /* Resources */ = {
			isa = PBXResourcesBuildPhase;
			buildActionMask = 2147483647;
			files = (
				B07984B122B8D3B600A72556 /* MainInterface.storyboard in Resources */,
			);
			runOnlyForDeploymentPostprocessing = 0;
		};
/* End PBXResourcesBuildPhase section */

/* Begin PBXSourcesBuildPhase section */
		B079848B22B8CB0D00A72556 /* Sources */ = {
			isa = PBXSourcesBuildPhase;
			buildActionMask = 2147483647;
			files = (
				B079849522B8CB0D00A72556 /* ViewController.swift in Sources */,
				B04AD06022B9102A00CA60A8 /* TestViewController.swift in Sources */,
				B079849322B8CB0D00A72556 /* AppDelegate.swift in Sources */,
			);
			runOnlyForDeploymentPostprocessing = 0;
		};
		B07984A422B8D3B600A72556 /* Sources */ = {
			isa = PBXSourcesBuildPhase;
			buildActionMask = 2147483647;
			files = (
				B07984AE22B8D3B600A72556 /* TodayViewController.swift in Sources */,
			);
			runOnlyForDeploymentPostprocessing = 0;
		};
/* End PBXSourcesBuildPhase section */

/* Begin PBXTargetDependency section */
		B07984B422B8D3B600A72556 /* PBXTargetDependency */ = {
			isa = PBXTargetDependency;
			target = B07984A722B8D3B600A72556 /* Widget */;
			targetProxy = B07984B322B8D3B600A72556 /* PBXContainerItemProxy */;
		};
/* End PBXTargetDependency section */

/* Begin PBXVariantGroup section */
		B079849622B8CB0D00A72556 /* Main.storyboard */ = {
			isa = PBXVariantGroup;
			children = (
				B079849722B8CB0D00A72556 /* Base */,
			);
			name = Main.storyboard;
			sourceTree = "<group>";
		};
		B079849B22B8CB0E00A72556 /* LaunchScreen.storyboard */ = {
			isa = PBXVariantGroup;
			children = (
				B079849C22B8CB0E00A72556 /* Base */,
			);
			name = LaunchScreen.storyboard;
			sourceTree = "<group>";
		};
		B07984AF22B8D3B600A72556 /* MainInterface.storyboard */ = {
			isa = PBXVariantGroup;
			children = (
				B07984B022B8D3B600A72556 /* Base */,
			);
			name = MainInterface.storyboard;
			sourceTree = "<group>";
		};
/* End PBXVariantGroup section */

/* Begin XCBuildConfiguration section */
		B079849F22B8CB0E00A72556 /* Debug */ = {
			isa = XCBuildConfiguration;
			buildSettings = {
				ALWAYS_SEARCH_USER_PATHS = NO;
				CLANG_ANALYZER_NONNULL = YES;
				CLANG_ANALYZER_NUMBER_OBJECT_CONVERSION = YES_AGGRESSIVE;
				CLANG_CXX_LANGUAGE_STANDARD = "gnu++14";
				CLANG_CXX_LIBRARY = "libc++";
				CLANG_ENABLE_MODULES = YES;
				CLANG_ENABLE_OBJC_ARC = YES;
				CLANG_ENABLE_OBJC_WEAK = YES;
				CLANG_WARN_BLOCK_CAPTURE_AUTORELEASING = YES;
				CLANG_WARN_BOOL_CONVERSION = YES;
				CLANG_WARN_COMMA = YES;
				CLANG_WARN_CONSTANT_CONVERSION = YES;
				CLANG_WARN_DEPRECATED_OBJC_IMPLEMENTATIONS = YES;
				CLANG_WARN_DIRECT_OBJC_ISA_USAGE = YES_ERROR;
				CLANG_WARN_DOCUMENTATION_COMMENTS = YES;
				CLANG_WARN_EMPTY_BODY = YES;
				CLANG_WARN_ENUM_CONVERSION = YES;
				CLANG_WARN_INFINITE_RECURSION = YES;
				CLANG_WARN_INT_CONVERSION = YES;
				CLANG_WARN_NON_LITERAL_NULL_CONVERSION = YES;
				CLANG_WARN_OBJC_IMPLICIT_RETAIN_SELF = YES;
				CLANG_WARN_OBJC_LITERAL_CONVERSION = YES;
				CLANG_WARN_OBJC_ROOT_CLASS = YES_ERROR;
				CLANG_WARN_RANGE_LOOP_ANALYSIS = YES;
				CLANG_WARN_STRICT_PROTOTYPES = YES;
				CLANG_WARN_SUSPICIOUS_MOVE = YES;
				CLANG_WARN_UNGUARDED_AVAILABILITY = YES_AGGRESSIVE;
				CLANG_WARN_UNREACHABLE_CODE = YES;
				CLANG_WARN__DUPLICATE_METHOD_MATCH = YES;
				CODE_SIGN_IDENTITY = "iPhone Developer";
				COPY_PHASE_STRIP = NO;
				DEBUG_INFORMATION_FORMAT = dwarf;
				ENABLE_STRICT_OBJC_MSGSEND = YES;
				ENABLE_TESTABILITY = YES;
				GCC_C_LANGUAGE_STANDARD = gnu11;
				GCC_DYNAMIC_NO_PIC = NO;
				GCC_NO_COMMON_BLOCKS = YES;
				GCC_OPTIMIZATION_LEVEL = 0;
				GCC_PREPROCESSOR_DEFINITIONS = (
					"DEBUG=1",
					"$(inherited)",
				);
				GCC_WARN_64_TO_32_BIT_CONVERSION = YES;
				GCC_WARN_ABOUT_RETURN_TYPE = YES_ERROR;
				GCC_WARN_UNDECLARED_SELECTOR = YES;
				GCC_WARN_UNINITIALIZED_AUTOS = YES_AGGRESSIVE;
				GCC_WARN_UNUSED_FUNCTION = YES;
				GCC_WARN_UNUSED_VARIABLE = YES;
				IPHONEOS_DEPLOYMENT_TARGET = 12.2;
				MTL_ENABLE_DEBUG_INFO = INCLUDE_SOURCE;
				MTL_FAST_MATH = YES;
				ONLY_ACTIVE_ARCH = YES;
				SDKROOT = iphoneos;
				SWIFT_ACTIVE_COMPILATION_CONDITIONS = DEBUG;
				SWIFT_OPTIMIZATION_LEVEL = "-Onone";
			};
			name = Debug;
		};
		B07984A022B8CB0E00A72556 /* Release */ = {
			isa = XCBuildConfiguration;
			buildSettings = {
				ALWAYS_SEARCH_USER_PATHS = NO;
				CLANG_ANALYZER_NONNULL = YES;
				CLANG_ANALYZER_NUMBER_OBJECT_CONVERSION = YES_AGGRESSIVE;
				CLANG_CXX_LANGUAGE_STANDARD = "gnu++14";
				CLANG_CXX_LIBRARY = "libc++";
				CLANG_ENABLE_MODULES = YES;
				CLANG_ENABLE_OBJC_ARC = YES;
				CLANG_ENABLE_OBJC_WEAK = YES;
				CLANG_WARN_BLOCK_CAPTURE_AUTORELEASING = YES;
				CLANG_WARN_BOOL_CONVERSION = YES;
				CLANG_WARN_COMMA = YES;
				CLANG_WARN_CONSTANT_CONVERSION = YES;
				CLANG_WARN_DEPRECATED_OBJC_IMPLEMENTATIONS = YES;
				CLANG_WARN_DIRECT_OBJC_ISA_USAGE = YES_ERROR;
				CLANG_WARN_DOCUMENTATION_COMMENTS = YES;
				CLANG_WARN_EMPTY_BODY = YES;
				CLANG_WARN_ENUM_CONVERSION = YES;
				CLANG_WARN_INFINITE_RECURSION = YES;
				CLANG_WARN_INT_CONVERSION = YES;
				CLANG_WARN_NON_LITERAL_NULL_CONVERSION = YES;
				CLANG_WARN_OBJC_IMPLICIT_RETAIN_SELF = YES;
				CLANG_WARN_OBJC_LITERAL_CONVERSION = YES;
				CLANG_WARN_OBJC_ROOT_CLASS = YES_ERROR;
				CLANG_WARN_RANGE_LOOP_ANALYSIS = YES;
				CLANG_WARN_STRICT_PROTOTYPES = YES;
				CLANG_WARN_SUSPICIOUS_MOVE = YES;
				CLANG_WARN_UNGUARDED_AVAILABILITY = YES_AGGRESSIVE;
				CLANG_WARN_UNREACHABLE_CODE = YES;
				CLANG_WARN__DUPLICATE_METHOD_MATCH = YES;
				CODE_SIGN_IDENTITY = "iPhone Developer";
				COPY_PHASE_STRIP = NO;
				DEBUG_INFORMATION_FORMAT = "dwarf-with-dsym";
				ENABLE_NS_ASSERTIONS = NO;
				ENABLE_STRICT_OBJC_MSGSEND = YES;
				GCC_C_LANGUAGE_STANDARD = gnu11;
				GCC_NO_COMMON_BLOCKS = YES;
				GCC_WARN_64_TO_32_BIT_CONVERSION = YES;
				GCC_WARN_ABOUT_RETURN_TYPE = YES_ERROR;
				GCC_WARN_UNDECLARED_SELECTOR = YES;
				GCC_WARN_UNINITIALIZED_AUTOS = YES_AGGRESSIVE;
				GCC_WARN_UNUSED_FUNCTION = YES;
				GCC_WARN_UNUSED_VARIABLE = YES;
				IPHONEOS_DEPLOYMENT_TARGET = 12.2;
				MTL_ENABLE_DEBUG_INFO = NO;
				MTL_FAST_MATH = YES;
				SDKROOT = iphoneos;
				SWIFT_COMPILATION_MODE = wholemodule;
				SWIFT_OPTIMIZATION_LEVEL = "-O";
				VALIDATE_PRODUCT = YES;
			};
			name = Release;
		};
		B07984A222B8CB0E00A72556 /* Debug */ = {
			isa = XCBuildConfiguration;
			buildSettings = {
				ALWAYS_EMBED_SWIFT_STANDARD_LIBRARIES = YES;
				ASSETCATALOG_COMPILER_APPICON_NAME = AppIcon;
				CODE_SIGN_ENTITLEMENTS = Polyglot/Polyglot.entitlements;
				CODE_SIGN_STYLE = Automatic;
				DEVELOPMENT_TEAM = RXJ69EWCMT;
				INFOPLIST_FILE = Polyglot/Info.plist;
				LD_RUNPATH_SEARCH_PATHS = (
					"$(inherited)",
					"@executable_path/Frameworks",
				);
				PRODUCT_BUNDLE_IDENTIFIER = ozolc.Polyglot;
				PRODUCT_NAME = "$(TARGET_NAME)";
				SWIFT_VERSION = 5.0;
				TARGETED_DEVICE_FAMILY = "1,2";
			};
			name = Debug;
		};
		B07984A322B8CB0E00A72556 /* Release */ = {
			isa = XCBuildConfiguration;
			buildSettings = {
				ALWAYS_EMBED_SWIFT_STANDARD_LIBRARIES = YES;
				ASSETCATALOG_COMPILER_APPICON_NAME = AppIcon;
				CODE_SIGN_ENTITLEMENTS = Polyglot/Polyglot.entitlements;
				CODE_SIGN_STYLE = Automatic;
				DEVELOPMENT_TEAM = RXJ69EWCMT;
				INFOPLIST_FILE = Polyglot/Info.plist;
				LD_RUNPATH_SEARCH_PATHS = (
					"$(inherited)",
					"@executable_path/Frameworks",
				);
				PRODUCT_BUNDLE_IDENTIFIER = ozolc.Polyglot;
				PRODUCT_NAME = "$(TARGET_NAME)";
				SWIFT_VERSION = 5.0;
				TARGETED_DEVICE_FAMILY = "1,2";
			};
			name = Release;
		};
		B07984B722B8D3B600A72556 /* Debug */ = {
			isa = XCBuildConfiguration;
			buildSettings = {
				CODE_SIGN_ENTITLEMENTS = Widget/Widget.entitlements;
				CODE_SIGN_STYLE = Automatic;
				DEVELOPMENT_TEAM = RXJ69EWCMT;
				INFOPLIST_FILE = Widget/Info.plist;
				LD_RUNPATH_SEARCH_PATHS = (
					"$(inherited)",
					"@executable_path/Frameworks",
					"@executable_path/../../Frameworks",
				);
				PRODUCT_BUNDLE_IDENTIFIER = ozolc.Polyglot.Widget;
				PRODUCT_NAME = "$(TARGET_NAME)";
				SKIP_INSTALL = YES;
				SWIFT_VERSION = 5.0;
				TARGETED_DEVICE_FAMILY = "1,2";
			};
			name = Debug;
		};
		B07984B822B8D3B600A72556 /* Release */ = {
			isa = XCBuildConfiguration;
			buildSettings = {
				CODE_SIGN_ENTITLEMENTS = Widget/Widget.entitlements;
				CODE_SIGN_STYLE = Automatic;
				DEVELOPMENT_TEAM = RXJ69EWCMT;
				INFOPLIST_FILE = Widget/Info.plist;
				LD_RUNPATH_SEARCH_PATHS = (
					"$(inherited)",
					"@executable_path/Frameworks",
					"@executable_path/../../Frameworks",
				);
				PRODUCT_BUNDLE_IDENTIFIER = ozolc.Polyglot.Widget;
				PRODUCT_NAME = "$(TARGET_NAME)";
				SKIP_INSTALL = YES;
				SWIFT_VERSION = 5.0;
				TARGETED_DEVICE_FAMILY = "1,2";
			};
			name = Release;
		};
/* End XCBuildConfiguration section */

/* Begin XCConfigurationList section */
		B079848A22B8CB0D00A72556 /* Build configuration list for PBXProject "Polyglot" */ = {
			isa = XCConfigurationList;
			buildConfigurations = (
				B079849F22B8CB0E00A72556 /* Debug */,
				B07984A022B8CB0E00A72556 /* Release */,
			);
			defaultConfigurationIsVisible = 0;
			defaultConfigurationName = Release;
		};
		B07984A122B8CB0E00A72556 /* Build configuration list for PBXNativeTarget "Polyglot" */ = {
			isa = XCConfigurationList;
			buildConfigurations = (
				B07984A222B8CB0E00A72556 /* Debug */,
				B07984A322B8CB0E00A72556 /* Release */,
			);
			defaultConfigurationIsVisible = 0;
			defaultConfigurationName = Release;
		};
		B07984B622B8D3B600A72556 /* Build configuration list for PBXNativeTarget "Widget" */ = {
			isa = XCConfigurationList;
			buildConfigurations = (
				B07984B722B8D3B600A72556 /* Debug */,
				B07984B822B8D3B600A72556 /* Release */,
			);
			defaultConfigurationIsVisible = 0;
			defaultConfigurationName = Release;
		};
/* End XCConfigurationList section */
	};
	rootObject = B079848722B8CB0D00A72556 /* Project object */;
}
