// !$*UTF8*$!
{
	archiveVersion = 1;
	classes = {
	};
	objectVersion = 50;
	objects = {

/* Begin PBXBuildFile section */
		B0790CC222AFD4AB00E2C39A /* AppDelegate.swift in Sources */ = {isa = PBXBuildFile; fileRef = B0790CC122AFD4AB00E2C39A /* AppDelegate.swift */; };
		B0790CC422AFD4AB00E2C39A /* ViewController.swift in Sources */ = {isa = PBXBuildFile; fileRef = B0790CC322AFD4AB00E2C39A /* ViewController.swift */; };
		B0790CC722AFD4AB00E2C39A /* Main.storyboard in Resources */ = {isa = PBXBuildFile; fileRef = B0790CC522AFD4AB00E2C39A /* Main.storyboard */; };
		B0790CC922AFD4AC00E2C39A /* Assets.xcassets in Resources */ = {isa = PBXBuildFile; fileRef = B0790CC822AFD4AC00E2C39A /* Assets.xcassets */; };
		B0790CCC22AFD4AC00E2C39A /* LaunchScreen.storyboard in Resources */ = {isa = PBXBuildFile; fileRef = B0790CCA22AFD4AC00E2C39A /* LaunchScreen.storyboard */; };
		B0790CDA22AFD59700E2C39A /* IntentHandler.swift in Sources */ = {isa = PBXBuildFile; fileRef = B0790CD922AFD59700E2C39A /* IntentHandler.swift */; };
		B0790CDE22AFD59700E2C39A /* Extension.appex in Embed App Extensions */ = {isa = PBXBuildFile; fileRef = B0790CD722AFD59700E2C39A /* Extension.appex */; settings = {ATTRIBUTES = (RemoveHeadersOnCopy, ); }; };
/* End PBXBuildFile section */

/* Begin PBXContainerItemProxy section */
		B0790CDC22AFD59700E2C39A /* PBXContainerItemProxy */ = {
			isa = PBXContainerItemProxy;
			containerPortal = B0790CB622AFD4AB00E2C39A /* Project object */;
			proxyType = 1;
			remoteGlobalIDString = B0790CD622AFD59700E2C39A;
			remoteInfo = Extension;
		};
/* End PBXContainerItemProxy section */

/* Begin PBXCopyFilesBuildPhase section */
		B0790CE222AFD59700E2C39A /* Embed App Extensions */ = {
			isa = PBXCopyFilesBuildPhase;
			buildActionMask = 2147483647;
			dstPath = "";
			dstSubfolderSpec = 13;
			files = (
				B0790CDE22AFD59700E2C39A /* Extension.appex in Embed App Extensions */,
			);
			name = "Embed App Extensions";
			runOnlyForDeploymentPostprocessing = 0;
		};
/* End PBXCopyFilesBuildPhase section */

/* Begin PBXFileReference section */
		B0790CBE22AFD4AB00E2C39A /* ChooseCruise.app */ = {isa = PBXFileReference; explicitFileType = wrapper.application; includeInIndex = 0; path = ChooseCruise.app; sourceTree = BUILT_PRODUCTS_DIR; };
		B0790CC122AFD4AB00E2C39A /* AppDelegate.swift */ = {isa = PBXFileReference; lastKnownFileType = sourcecode.swift; path = AppDelegate.swift; sourceTree = "<group>"; };
		B0790CC322AFD4AB00E2C39A /* ViewController.swift */ = {isa = PBXFileReference; lastKnownFileType = sourcecode.swift; path = ViewController.swift; sourceTree = "<group>"; };
		B0790CC622AFD4AB00E2C39A /* Base */ = {isa = PBXFileReference; lastKnownFileType = file.storyboard; name = Base; path = Base.lproj/Main.storyboard; sourceTree = "<group>"; };
		B0790CC822AFD4AC00E2C39A /* Assets.xcassets */ = {isa = PBXFileReference; lastKnownFileType = folder.assetcatalog; path = Assets.xcassets; sourceTree = "<group>"; };
		B0790CCB22AFD4AC00E2C39A /* Base */ = {isa = PBXFileReference; lastKnownFileType = file.storyboard; name = Base; path = Base.lproj/LaunchScreen.storyboard; sourceTree = "<group>"; };
		B0790CCD22AFD4AC00E2C39A /* Info.plist */ = {isa = PBXFileReference; lastKnownFileType = text.plist.xml; path = Info.plist; sourceTree = "<group>"; };
		B0790CD722AFD59700E2C39A /* Extension.appex */ = {isa = PBXFileReference; explicitFileType = "wrapper.app-extension"; includeInIndex = 0; path = Extension.appex; sourceTree = BUILT_PRODUCTS_DIR; };
		B0790CD922AFD59700E2C39A /* IntentHandler.swift */ = {isa = PBXFileReference; lastKnownFileType = sourcecode.swift; path = IntentHandler.swift; sourceTree = "<group>"; };
		B0790CDB22AFD59700E2C39A /* Info.plist */ = {isa = PBXFileReference; lastKnownFileType = text.plist.xml; path = Info.plist; sourceTree = "<group>"; };
/* End PBXFileReference section */

/* Begin PBXFrameworksBuildPhase section */
		B0790CBB22AFD4AB00E2C39A /* Frameworks */ = {
			isa = PBXFrameworksBuildPhase;
			buildActionMask = 2147483647;
			files = (
			);
			runOnlyForDeploymentPostprocessing = 0;
		};
		B0790CD422AFD59700E2C39A /* Frameworks */ = {
			isa = PBXFrameworksBuildPhase;
			buildActionMask = 2147483647;
			files = (
			);
			runOnlyForDeploymentPostprocessing = 0;
		};
/* End PBXFrameworksBuildPhase section */

/* Begin PBXGroup section */
		B0790CB522AFD4AB00E2C39A = {
			isa = PBXGroup;
			children = (
				B0790CC022AFD4AB00E2C39A /* ChooseCruise */,
				B0790CD822AFD59700E2C39A /* Extension */,
				B0790CBF22AFD4AB00E2C39A /* Products */,
			);
			sourceTree = "<group>";
		};
		B0790CBF22AFD4AB00E2C39A /* Products */ = {
			isa = PBXGroup;
			children = (
				B0790CBE22AFD4AB00E2C39A /* ChooseCruise.app */,
				B0790CD722AFD59700E2C39A /* Extension.appex */,
			);
			name = Products;
			sourceTree = "<group>";
		};
		B0790CC022AFD4AB00E2C39A /* ChooseCruise */ = {
			isa = PBXGroup;
			children = (
				B0790CC122AFD4AB00E2C39A /* AppDelegate.swift */,
				B0790CC322AFD4AB00E2C39A /* ViewController.swift */,
				B0790CC522AFD4AB00E2C39A /* Main.storyboard */,
				B0790CC822AFD4AC00E2C39A /* Assets.xcassets */,
				B0790CCA22AFD4AC00E2C39A /* LaunchScreen.storyboard */,
				B0790CCD22AFD4AC00E2C39A /* Info.plist */,
			);
			path = ChooseCruise;
			sourceTree = "<group>";
		};
		B0790CD822AFD59700E2C39A /* Extension */ = {
			isa = PBXGroup;
			children = (
				B0790CD922AFD59700E2C39A /* IntentHandler.swift */,
				B0790CDB22AFD59700E2C39A /* Info.plist */,
			);
			path = Extension;
			sourceTree = "<group>";
		};
/* End PBXGroup section */

/* Begin PBXNativeTarget section */
		B0790CBD22AFD4AB00E2C39A /* ChooseCruise */ = {
			isa = PBXNativeTarget;
			buildConfigurationList = B0790CD022AFD4AC00E2C39A /* Build configuration list for PBXNativeTarget "ChooseCruise" */;
			buildPhases = (
				B0790CBA22AFD4AB00E2C39A /* Sources */,
				B0790CBB22AFD4AB00E2C39A /* Frameworks */,
				B0790CBC22AFD4AB00E2C39A /* Resources */,
				B0790CE222AFD59700E2C39A /* Embed App Extensions */,
			);
			buildRules = (
			);
			dependencies = (
				B0790CDD22AFD59700E2C39A /* PBXTargetDependency */,
			);
			name = ChooseCruise;
			productName = ChooseCruise;
			productReference = B0790CBE22AFD4AB00E2C39A /* ChooseCruise.app */;
			productType = "com.apple.product-type.application";
		};
		B0790CD622AFD59700E2C39A /* Extension */ = {
			isa = PBXNativeTarget;
			buildConfigurationList = B0790CDF22AFD59700E2C39A /* Build configuration list for PBXNativeTarget "Extension" */;
			buildPhases = (
				B0790CD322AFD59700E2C39A /* Sources */,
				B0790CD422AFD59700E2C39A /* Frameworks */,
				B0790CD522AFD59700E2C39A /* Resources */,
			);
			buildRules = (
			);
			dependencies = (
			);
			name = Extension;
			productName = Extension;
			productReference = B0790CD722AFD59700E2C39A /* Extension.appex */;
			productType = "com.apple.product-type.app-extension";
		};
/* End PBXNativeTarget section */

/* Begin PBXProject section */
		B0790CB622AFD4AB00E2C39A /* Project object */ = {
			isa = PBXProject;
			attributes = {
				LastSwiftUpdateCheck = 1020;
				LastUpgradeCheck = 1020;
				ORGANIZATIONNAME = "Maksim Nosov";
				TargetAttributes = {
					B0790CBD22AFD4AB00E2C39A = {
						CreatedOnToolsVersion = 10.2.1;
					};
					B0790CD622AFD59700E2C39A = {
						CreatedOnToolsVersion = 10.2.1;
					};
				};
			};
			buildConfigurationList = B0790CB922AFD4AB00E2C39A /* Build configuration list for PBXProject "ChooseCruise" */;
			compatibilityVersion = "Xcode 9.3";
			developmentRegion = en;
			hasScannedForEncodings = 0;
			knownRegions = (
				en,
				Base,
			);
			mainGroup = B0790CB522AFD4AB00E2C39A;
			productRefGroup = B0790CBF22AFD4AB00E2C39A /* Products */;
			projectDirPath = "";
			projectRoot = "";
			targets = (
				B0790CBD22AFD4AB00E2C39A /* ChooseCruise */,
				B0790CD622AFD59700E2C39A /* Extension */,
			);
		};
/* End PBXProject section */

/* Begin PBXResourcesBuildPhase section */
		B0790CBC22AFD4AB00E2C39A /* Resources */ = {
			isa = PBXResourcesBuildPhase;
			buildActionMask = 2147483647;
			files = (
				B0790CCC22AFD4AC00E2C39A /* LaunchScreen.storyboard in Resources */,
				B0790CC922AFD4AC00E2C39A /* Assets.xcassets in Resources */,
				B0790CC722AFD4AB00E2C39A /* Main.storyboard in Resources */,
			);
			runOnlyForDeploymentPostprocessing = 0;
		};
		B0790CD522AFD59700E2C39A /* Resources */ = {
			isa = PBXResourcesBuildPhase;
			buildActionMask = 2147483647;
			files = (
			);
			runOnlyForDeploymentPostprocessing = 0;
		};
/* End PBXResourcesBuildPhase section */

/* Begin PBXSourcesBuildPhase section */
		B0790CBA22AFD4AB00E2C39A /* Sources */ = {
			isa = PBXSourcesBuildPhase;
			buildActionMask = 2147483647;
			files = (
				B0790CC422AFD4AB00E2C39A /* ViewController.swift in Sources */,
				B0790CC222AFD4AB00E2C39A /* AppDelegate.swift in Sources */,
			);
			runOnlyForDeploymentPostprocessing = 0;
		};
		B0790CD322AFD59700E2C39A /* Sources */ = {
			isa = PBXSourcesBuildPhase;
			buildActionMask = 2147483647;
			files = (
				B0790CDA22AFD59700E2C39A /* IntentHandler.swift in Sources */,
			);
			runOnlyForDeploymentPostprocessing = 0;
		};
/* End PBXSourcesBuildPhase section */

/* Begin PBXTargetDependency section */
		B0790CDD22AFD59700E2C39A /* PBXTargetDependency */ = {
			isa = PBXTargetDependency;
			target = B0790CD622AFD59700E2C39A /* Extension */;
			targetProxy = B0790CDC22AFD59700E2C39A /* PBXContainerItemProxy */;
		};
/* End PBXTargetDependency section */

/* Begin PBXVariantGroup section */
		B0790CC522AFD4AB00E2C39A /* Main.storyboard */ = {
			isa = PBXVariantGroup;
			children = (
				B0790CC622AFD4AB00E2C39A /* Base */,
			);
			name = Main.storyboard;
			sourceTree = "<group>";
		};
		B0790CCA22AFD4AC00E2C39A /* LaunchScreen.storyboard */ = {
			isa = PBXVariantGroup;
			children = (
				B0790CCB22AFD4AC00E2C39A /* Base */,
			);
			name = LaunchScreen.storyboard;
			sourceTree = "<group>";
		};
/* End PBXVariantGroup section */

/* Begin XCBuildConfiguration section */
		B0790CCE22AFD4AC00E2C39A /* Debug */ = {
			isa = XCBuildConfiguration;
			buildSettings = {
				ALWAYS_SEARCH_USER_PATHS = NO;
				CLANG_ANALYZER_NONNULL = YES;
				CLANG_ANALYZER_NUMBER_OBJECT_CONVERSION = YES_AGGRESSIVE;
				CLANG_CXX_LANGUAGE_STANDARD = "gnu++14";
				CLANG_CXX_LIBRARY = "libc++";
				CLANG_ENABLE_MODULES = YES;
				CLANG_ENABLE_OBJC_ARC = YES;
				CLANG_ENABLE_OBJC_WEAK = YES;
				CLANG_WARN_BLOCK_CAPTURE_AUTORELEASING = YES;
				CLANG_WARN_BOOL_CONVERSION = YES;
				CLANG_WARN_COMMA = YES;
				CLANG_WARN_CONSTANT_CONVERSION = YES;
				CLANG_WARN_DEPRECATED_OBJC_IMPLEMENTATIONS = YES;
				CLANG_WARN_DIRECT_OBJC_ISA_USAGE = YES_ERROR;
				CLANG_WARN_DOCUMENTATION_COMMENTS = YES;
				CLANG_WARN_EMPTY_BODY = YES;
				CLANG_WARN_ENUM_CONVERSION = YES;
				CLANG_WARN_INFINITE_RECURSION = YES;
				CLANG_WARN_INT_CONVERSION = YES;
				CLANG_WARN_NON_LITERAL_NULL_CONVERSION = YES;
				CLANG_WARN_OBJC_IMPLICIT_RETAIN_SELF = YES;
				CLANG_WARN_OBJC_LITERAL_CONVERSION = YES;
				CLANG_WARN_OBJC_ROOT_CLASS = YES_ERROR;
				CLANG_WARN_RANGE_LOOP_ANALYSIS = YES;
				CLANG_WARN_STRICT_PROTOTYPES = YES;
				CLANG_WARN_SUSPICIOUS_MOVE = YES;
				CLANG_WARN_UNGUARDED_AVAILABILITY = YES_AGGRESSIVE;
				CLANG_WARN_UNREACHABLE_CODE = YES;
				CLANG_WARN__DUPLICATE_METHOD_MATCH = YES;
				CODE_SIGN_IDENTITY = "iPhone Developer";
				COPY_PHASE_STRIP = NO;
				DEBUG_INFORMATION_FORMAT = dwarf;
				ENABLE_STRICT_OBJC_MSGSEND = YES;
				ENABLE_TESTABILITY = YES;
				GCC_C_LANGUAGE_STANDARD = gnu11;
				GCC_DYNAMIC_NO_PIC = NO;
				GCC_NO_COMMON_BLOCKS = YES;
				GCC_OPTIMIZATION_LEVEL = 0;
				GCC_PREPROCESSOR_DEFINITIONS = (
					"DEBUG=1",
					"$(inherited)",
				);
				GCC_WARN_64_TO_32_BIT_CONVERSION = YES;
				GCC_WARN_ABOUT_RETURN_TYPE = YES_ERROR;
				GCC_WARN_UNDECLARED_SELECTOR = YES;
				GCC_WARN_UNINITIALIZED_AUTOS = YES_AGGRESSIVE;
				GCC_WARN_UNUSED_FUNCTION = YES;
				GCC_WARN_UNUSED_VARIABLE = YES;
				IPHONEOS_DEPLOYMENT_TARGET = 12.2;
				MTL_ENABLE_DEBUG_INFO = INCLUDE_SOURCE;
				MTL_FAST_MATH = YES;
				ONLY_ACTIVE_ARCH = YES;
				SDKROOT = iphoneos;
				SWIFT_ACTIVE_COMPILATION_CONDITIONS = DEBUG;
				SWIFT_OPTIMIZATION_LEVEL = "-Onone";
			};
			name = Debug;
		};
		B0790CCF22AFD4AC00E2C39A /* Release */ = {
			isa = XCBuildConfiguration;
			buildSettings = {
				ALWAYS_SEARCH_USER_PATHS = NO;
				CLANG_ANALYZER_NONNULL = YES;
				CLANG_ANALYZER_NUMBER_OBJECT_CONVERSION = YES_AGGRESSIVE;
				CLANG_CXX_LANGUAGE_STANDARD = "gnu++14";
				CLANG_CXX_LIBRARY = "libc++";
				CLANG_ENABLE_MODULES = YES;
				CLANG_ENABLE_OBJC_ARC = YES;
				CLANG_ENABLE_OBJC_WEAK = YES;
				CLANG_WARN_BLOCK_CAPTURE_AUTORELEASING = YES;
				CLANG_WARN_BOOL_CONVERSION = YES;
				CLANG_WARN_COMMA = YES;
				CLANG_WARN_CONSTANT_CONVERSION = YES;
				CLANG_WARN_DEPRECATED_OBJC_IMPLEMENTATIONS = YES;
				CLANG_WARN_DIRECT_OBJC_ISA_USAGE = YES_ERROR;
				CLANG_WARN_DOCUMENTATION_COMMENTS = YES;
				CLANG_WARN_EMPTY_BODY = YES;
				CLANG_WARN_ENUM_CONVERSION = YES;
				CLANG_WARN_INFINITE_RECURSION = YES;
				CLANG_WARN_INT_CONVERSION = YES;
				CLANG_WARN_NON_LITERAL_NULL_CONVERSION = YES;
				CLANG_WARN_OBJC_IMPLICIT_RETAIN_SELF = YES;
				CLANG_WARN_OBJC_LITERAL_CONVERSION = YES;
				CLANG_WARN_OBJC_ROOT_CLASS = YES_ERROR;
				CLANG_WARN_RANGE_LOOP_ANALYSIS = YES;
				CLANG_WARN_STRICT_PROTOTYPES = YES;
				CLANG_WARN_SUSPICIOUS_MOVE = YES;
				CLANG_WARN_UNGUARDED_AVAILABILITY = YES_AGGRESSIVE;
				CLANG_WARN_UNREACHABLE_CODE = YES;
				CLANG_WARN__DUPLICATE_METHOD_MATCH = YES;
				CODE_SIGN_IDENTITY = "iPhone Developer";
				COPY_PHASE_STRIP = NO;
				DEBUG_INFORMATION_FORMAT = "dwarf-with-dsym";
				ENABLE_NS_ASSERTIONS = NO;
				ENABLE_STRICT_OBJC_MSGSEND = YES;
				GCC_C_LANGUAGE_STANDARD = gnu11;
				GCC_NO_COMMON_BLOCKS = YES;
				GCC_WARN_64_TO_32_BIT_CONVERSION = YES;
				GCC_WARN_ABOUT_RETURN_TYPE = YES_ERROR;
				GCC_WARN_UNDECLARED_SELECTOR = YES;
				GCC_WARN_UNINITIALIZED_AUTOS = YES_AGGRESSIVE;
				GCC_WARN_UNUSED_FUNCTION = YES;
				GCC_WARN_UNUSED_VARIABLE = YES;
				IPHONEOS_DEPLOYMENT_TARGET = 12.2;
				MTL_ENABLE_DEBUG_INFO = NO;
				MTL_FAST_MATH = YES;
				SDKROOT = iphoneos;
				SWIFT_COMPILATION_MODE = wholemodule;
				SWIFT_OPTIMIZATION_LEVEL = "-O";
				VALIDATE_PRODUCT = YES;
			};
			name = Release;
		};
		B0790CD122AFD4AC00E2C39A /* Debug */ = {
			isa = XCBuildConfiguration;
			buildSettings = {
				ALWAYS_EMBED_SWIFT_STANDARD_LIBRARIES = YES;
				ASSETCATALOG_COMPILER_APPICON_NAME = AppIcon;
				CODE_SIGN_STYLE = Automatic;
				INFOPLIST_FILE = ChooseCruise/Info.plist;
				LD_RUNPATH_SEARCH_PATHS = (
					"$(inherited)",
					"@executable_path/Frameworks",
				);
				PRODUCT_BUNDLE_IDENTIFIER = ozolc.ChooseCruise;
				PRODUCT_NAME = "$(TARGET_NAME)";
				SWIFT_VERSION = 5.0;
				TARGETED_DEVICE_FAMILY = "1,2";
			};
			name = Debug;
		};
		B0790CD222AFD4AC00E2C39A /* Release */ = {
			isa = XCBuildConfiguration;
			buildSettings = {
				ALWAYS_EMBED_SWIFT_STANDARD_LIBRARIES = YES;
				ASSETCATALOG_COMPILER_APPICON_NAME = AppIcon;
				CODE_SIGN_STYLE = Automatic;
				INFOPLIST_FILE = ChooseCruise/Info.plist;
				LD_RUNPATH_SEARCH_PATHS = (
					"$(inherited)",
					"@executable_path/Frameworks",
				);
				PRODUCT_BUNDLE_IDENTIFIER = ozolc.ChooseCruise;
				PRODUCT_NAME = "$(TARGET_NAME)";
				SWIFT_VERSION = 5.0;
				TARGETED_DEVICE_FAMILY = "1,2";
			};
			name = Release;
		};
		B0790CE022AFD59700E2C39A /* Debug */ = {
			isa = XCBuildConfiguration;
			buildSettings = {
				CODE_SIGN_STYLE = Automatic;
				INFOPLIST_FILE = Extension/Info.plist;
				LD_RUNPATH_SEARCH_PATHS = (
					"$(inherited)",
					"@executable_path/Frameworks",
					"@executable_path/../../Frameworks",
				);
				PRODUCT_BUNDLE_IDENTIFIER = ozolc.ChooseCruise.Extension;
				PRODUCT_NAME = "$(TARGET_NAME)";
				SKIP_INSTALL = YES;
				SWIFT_VERSION = 5.0;
				TARGETED_DEVICE_FAMILY = "1,2";
			};
			name = Debug;
		};
		B0790CE122AFD59700E2C39A /* Release */ = {
			isa = XCBuildConfiguration;
			buildSettings = {
				CODE_SIGN_STYLE = Automatic;
				INFOPLIST_FILE = Extension/Info.plist;
				LD_RUNPATH_SEARCH_PATHS = (
					"$(inherited)",
					"@executable_path/Frameworks",
					"@executable_path/../../Frameworks",
				);
				PRODUCT_BUNDLE_IDENTIFIER = ozolc.ChooseCruise.Extension;
				PRODUCT_NAME = "$(TARGET_NAME)";
				SKIP_INSTALL = YES;
				SWIFT_VERSION = 5.0;
				TARGETED_DEVICE_FAMILY = "1,2";
			};
			name = Release;
		};
/* End XCBuildConfiguration section */

/* Begin XCConfigurationList section */
		B0790CB922AFD4AB00E2C39A /* Build configuration list for PBXProject "ChooseCruise" */ = {
			isa = XCConfigurationList;
			buildConfigurations = (
				B0790CCE22AFD4AC00E2C39A /* Debug */,
				B0790CCF22AFD4AC00E2C39A /* Release */,
			);
			defaultConfigurationIsVisible = 0;
			defaultConfigurationName = Release;
		};
		B0790CD022AFD4AC00E2C39A /* Build configuration list for PBXNativeTarget "ChooseCruise" */ = {
			isa = XCConfigurationList;
			buildConfigurations = (
				B0790CD122AFD4AC00E2C39A /* Debug */,
				B0790CD222AFD4AC00E2C39A /* Release */,
			);
			defaultConfigurationIsVisible = 0;
			defaultConfigurationName = Release;
		};
		B0790CDF22AFD59700E2C39A /* Build configuration list for PBXNativeTarget "Extension" */ = {
			isa = XCConfigurationList;
			buildConfigurations = (
				B0790CE022AFD59700E2C39A /* Debug */,
				B0790CE122AFD59700E2C39A /* Release */,
			);
			defaultConfigurationIsVisible = 0;
			defaultConfigurationName = Release;
		};
/* End XCConfigurationList section */
	};
	rootObject = B0790CB622AFD4AB00E2C39A /* Project object */;
}
